schema: '2.0'
stages:
  prepare:
    cmd: python prepare.py
    deps:
    - path: data/census.csv
      md5: 145de00f6e6053d3f7044628f9a5b5ff
      size: 3974474
    - path: prepare.py
      md5: 180e01bc994e0224ed001fe35cd347bd
      size: 752
    outs:
    - path: data/clean_census.csv
      md5: 8df16ee76779a42ad1bee19d44983ebc
      size: 2974759
      isexec: true
    - path: model/labelbinarizer.pkl
      md5: 68d67643c2f11e180eaa335146ade2ea
      size: 403
      isexec: true
  segregate:
    cmd: python segregate.py
    deps:
    - path: data/clean_census.csv
      md5: 8df16ee76779a42ad1bee19d44983ebc
      size: 2974759
    outs:
    - path: data/test.csv
      md5: fd333b537b9cf0af3241e6907a2cc574
      size: 594529
      isexec: true
    - path: data/train.csv
      md5: a2bf47d0ab65bd75696186efeeabe74a
      size: 2380345
      isexec: true
  train:
    cmd: python train.py
    deps:
    - path: data/train.csv
      md5: a2bf47d0ab65bd75696186efeeabe74a
      size: 2380345
    - path: train.py
      md5: aac0f56db539ed2d2304d7625cacfb63
      size: 1264
    outs:
    - path: model/model.pkl
      md5: a8dbbb4be72b861de04bd223c0e3760c
      size: 49941825
      isexec: true
    - path: model/used_columns.pkl
      md5: fc6976b9975ce01d5b243808c9e48cce
      size: 146
      isexec: true
